{
  "name": "context-free-grammar",
  "version": "1.0.0",
  "lockfileVersion": 2,
  "requires": true,
  "packages": {
    "": {
      "name": "context-free-grammar",
      "version": "1.0.0",
      "license": "ISC",
      "dependencies": {
        "context-free-js": "github:AmberThrall/context-free-js"
      }
    },
    "node_modules/context-free-js": {
      "version": "0.1.0",
      "resolved": "git+ssh://git@github.com/AmberThrall/context-free-js.git#2afec8f9b2b0d3c235d4eba6432fa7855dea90fc",
      "license": "MIT"
    }
  },
  "dependencies": {
    "context-free-js": {
      "version": "git+ssh://git@github.com/AmberThrall/context-free-js.git#2afec8f9b2b0d3c235d4eba6432fa7855dea90fc",
      "from": "context-free-js@git+https://github.com/AmberThrall/context-free-js"
    }
  }
}
